// !$*UTF8*$!
{
	archiveVersion = 1;
	classes = {
	};
	objectVersion = 50;
	objects = {

/* Begin PBXBuildFile section */
		155E5E812356A32B00B55141 /* ControllerPageView.swift in Sources */ = {isa = PBXBuildFile; fileRef = 155E5E802356A32B00B55141 /* ControllerPageView.swift */; };
		155E5E842356A67300B55141 /* TextPageView.swift in Sources */ = {isa = PBXBuildFile; fileRef = 155E5E832356A67300B55141 /* TextPageView.swift */; };
		155E5E862356A9A100B55141 /* TextFieldPageView.swift in Sources */ = {isa = PBXBuildFile; fileRef = 155E5E852356A9A100B55141 /* TextFieldPageView.swift */; };
		155E5E8B2356B21600B55141 /* Window+Ext.swift in Sources */ = {isa = PBXBuildFile; fileRef = 155E5E882356B21000B55141 /* Window+Ext.swift */; };
		155E5E8C2356B21900B55141 /* Color+Ext.swift in Sources */ = {isa = PBXBuildFile; fileRef = 155E5E892356B21000B55141 /* Color+Ext.swift */; };
		155E5E8D2356B21B00B55141 /* View+Ext.swift in Sources */ = {isa = PBXBuildFile; fileRef = 155E5E8A2356B21000B55141 /* View+Ext.swift */; };
		155E5E902356B5AB00B55141 /* ImagePageView.swift in Sources */ = {isa = PBXBuildFile; fileRef = 155E5E8F2356B5AB00B55141 /* ImagePageView.swift */; };
		155E5E932356BBDC00B55141 /* ButtonPageView.swift in Sources */ = {isa = PBXBuildFile; fileRef = 155E5E922356BBDC00B55141 /* ButtonPageView.swift */; };
		155E5E962356C13C00B55141 /* PickPageView.swift in Sources */ = {isa = PBXBuildFile; fileRef = 155E5E952356C13C00B55141 /* PickPageView.swift */; };
		155E5E982356F20000B55141 /* CommonSwitchPageView.swift in Sources */ = {isa = PBXBuildFile; fileRef = 155E5E972356F20000B55141 /* CommonSwitchPageView.swift */; };
		155E5E9B2356F6C200B55141 /* NavigationPageView.swift in Sources */ = {isa = PBXBuildFile; fileRef = 155E5E9A2356F6C200B55141 /* NavigationPageView.swift */; };
		155E5E9D2356F6CE00B55141 /* TabarPageView.swift in Sources */ = {isa = PBXBuildFile; fileRef = 155E5E9C2356F6CE00B55141 /* TabarPageView.swift */; };
		155E5EA02356FC6200B55141 /* ListPageView.swift in Sources */ = {isa = PBXBuildFile; fileRef = 155E5E9F2356FC6200B55141 /* ListPageView.swift */; };
		155E5EA22356FC7100B55141 /* ScrollVewPageView.swift in Sources */ = {isa = PBXBuildFile; fileRef = 155E5EA12356FC7100B55141 /* ScrollVewPageView.swift */; };
		155E5EA42356FC7E00B55141 /* ForEachPageView.swift in Sources */ = {isa = PBXBuildFile; fileRef = 155E5EA32356FC7E00B55141 /* ForEachPageView.swift */; };
		155E5EA62356FCB500B55141 /* GroupPageView.swift in Sources */ = {isa = PBXBuildFile; fileRef = 155E5EA52356FCB500B55141 /* GroupPageView.swift */; };
		155E5EA82356FCC100B55141 /* SectionPageView.swift in Sources */ = {isa = PBXBuildFile; fileRef = 155E5EA72356FCC100B55141 /* SectionPageView.swift */; };
		155E5EAB2357036E00B55141 /* AlertPageView.swift in Sources */ = {isa = PBXBuildFile; fileRef = 155E5EAA2357036E00B55141 /* AlertPageView.swift */; };
		155E5EAD2357038200B55141 /* ActionSheetPageView.swift in Sources */ = {isa = PBXBuildFile; fileRef = 155E5EAC2357038200B55141 /* ActionSheetPageView.swift */; };
		156809EF23556FBD00798E4A /* LearnSwiftUI07View.swift in Sources */ = {isa = PBXBuildFile; fileRef = 156809EE23556FBD00798E4A /* LearnSwiftUI07View.swift */; };
		156809F12355A0C100798E4A /* LearnSwiftUI08View.swift in Sources */ = {isa = PBXBuildFile; fileRef = 156809F02355A0C100798E4A /* LearnSwiftUI08View.swift */; };
		156809F42355A7E900798E4A /* cat.scn in Resources */ = {isa = PBXBuildFile; fileRef = 156809F32355A7E900798E4A /* cat.scn */; };
		156809F72355A84200798E4A /* HomeShowListView.swift in Sources */ = {isa = PBXBuildFile; fileRef = 156809F62355A84200798E4A /* HomeShowListView.swift */; };
		156809F92355A9A900798E4A /* PageCellRowView.swift in Sources */ = {isa = PBXBuildFile; fileRef = 156809F82355A9A900798E4A /* PageCellRowView.swift */; };
		156809FC2355AD8400798E4A /* WebViewPageView.swift in Sources */ = {isa = PBXBuildFile; fileRef = 156809FB2355AD8400798E4A /* WebViewPageView.swift */; };
		15BA6FCE235565E200DDE11E /* LearnSwiftUI06View.swift in Sources */ = {isa = PBXBuildFile; fileRef = 15BA6FCD235565E200DDE11E /* LearnSwiftUI06View.swift */; };
		15DBABA823554FF200474BE6 /* LearnSwiftUI04View.swift in Sources */ = {isa = PBXBuildFile; fileRef = 15DBABA723554FF200474BE6 /* LearnSwiftUI04View.swift */; };
		15DBABAB23555EDA00474BE6 /* LearnSwiftUI05View.swift in Sources */ = {isa = PBXBuildFile; fileRef = 15DBABAA23555EDA00474BE6 /* LearnSwiftUI05View.swift */; };
		15DBABAD23555FD100474BE6 /* SceneKitView.swift in Sources */ = {isa = PBXBuildFile; fileRef = 15DBABAC23555FD100474BE6 /* SceneKitView.swift */; };
		15FAED742354597100FA4152 /* AppDelegate.swift in Sources */ = {isa = PBXBuildFile; fileRef = 15FAED732354597100FA4152 /* AppDelegate.swift */; };
		15FAED762354597100FA4152 /* SceneDelegate.swift in Sources */ = {isa = PBXBuildFile; fileRef = 15FAED752354597100FA4152 /* SceneDelegate.swift */; };
		15FAED782354597100FA4152 /* ContentView.swift in Sources */ = {isa = PBXBuildFile; fileRef = 15FAED772354597100FA4152 /* ContentView.swift */; };
		15FAED7A2354597300FA4152 /* Assets.xcassets in Resources */ = {isa = PBXBuildFile; fileRef = 15FAED792354597300FA4152 /* Assets.xcassets */; };
		15FAED7D2354597300FA4152 /* Preview Assets.xcassets in Resources */ = {isa = PBXBuildFile; fileRef = 15FAED7C2354597300FA4152 /* Preview Assets.xcassets */; };
		15FAED802354597300FA4152 /* LaunchScreen.storyboard in Resources */ = {isa = PBXBuildFile; fileRef = 15FAED7E2354597300FA4152 /* LaunchScreen.storyboard */; };
		15FAED882354634600FA4152 /* LearnSwiftUI02View.swift in Sources */ = {isa = PBXBuildFile; fileRef = 15FAED872354634600FA4152 /* LearnSwiftUI02View.swift */; };
		15FAED8B2354649E00FA4152 /* Condiment-Regular.ttf in Resources */ = {isa = PBXBuildFile; fileRef = 15FAED8A2354647A00FA4152 /* Condiment-Regular.ttf */; };
		15FAED8D23546BD000FA4152 /* LearnSwiftUI03View.swift in Sources */ = {isa = PBXBuildFile; fileRef = 15FAED8C23546BD000FA4152 /* LearnSwiftUI03View.swift */; };
/* End PBXBuildFile section */

/* Begin PBXFileReference section */
		155E5E802356A32B00B55141 /* ControllerPageView.swift */ = {isa = PBXFileReference; lastKnownFileType = sourcecode.swift; path = ControllerPageView.swift; sourceTree = "<group>"; };
		155E5E832356A67300B55141 /* TextPageView.swift */ = {isa = PBXFileReference; lastKnownFileType = sourcecode.swift; path = TextPageView.swift; sourceTree = "<group>"; };
		155E5E852356A9A100B55141 /* TextFieldPageView.swift */ = {isa = PBXFileReference; lastKnownFileType = sourcecode.swift; path = TextFieldPageView.swift; sourceTree = "<group>"; };
		155E5E882356B21000B55141 /* Window+Ext.swift */ = {isa = PBXFileReference; lastKnownFileType = sourcecode.swift; path = "Window+Ext.swift"; sourceTree = "<group>"; };
		155E5E892356B21000B55141 /* Color+Ext.swift */ = {isa = PBXFileReference; lastKnownFileType = sourcecode.swift; path = "Color+Ext.swift"; sourceTree = "<group>"; };
		155E5E8A2356B21000B55141 /* View+Ext.swift */ = {isa = PBXFileReference; lastKnownFileType = sourcecode.swift; path = "View+Ext.swift"; sourceTree = "<group>"; };
		155E5E8F2356B5AB00B55141 /* ImagePageView.swift */ = {isa = PBXFileReference; lastKnownFileType = sourcecode.swift; path = ImagePageView.swift; sourceTree = "<group>"; };
		155E5E922356BBDC00B55141 /* ButtonPageView.swift */ = {isa = PBXFileReference; lastKnownFileType = sourcecode.swift; path = ButtonPageView.swift; sourceTree = "<group>"; };
		155E5E952356C13C00B55141 /* PickPageView.swift */ = {isa = PBXFileReference; lastKnownFileType = sourcecode.swift; path = PickPageView.swift; sourceTree = "<group>"; };
		155E5E972356F20000B55141 /* CommonSwitchPageView.swift */ = {isa = PBXFileReference; lastKnownFileType = sourcecode.swift; path = CommonSwitchPageView.swift; sourceTree = "<group>"; };
		155E5E9A2356F6C200B55141 /* NavigationPageView.swift */ = {isa = PBXFileReference; lastKnownFileType = sourcecode.swift; path = NavigationPageView.swift; sourceTree = "<group>"; };
		155E5E9C2356F6CE00B55141 /* TabarPageView.swift */ = {isa = PBXFileReference; lastKnownFileType = sourcecode.swift; path = TabarPageView.swift; sourceTree = "<group>"; };
		155E5E9F2356FC6200B55141 /* ListPageView.swift */ = {isa = PBXFileReference; lastKnownFileType = sourcecode.swift; path = ListPageView.swift; sourceTree = "<group>"; };
		155E5EA12356FC7100B55141 /* ScrollVewPageView.swift */ = {isa = PBXFileReference; lastKnownFileType = sourcecode.swift; path = ScrollVewPageView.swift; sourceTree = "<group>"; };
		155E5EA32356FC7E00B55141 /* ForEachPageView.swift */ = {isa = PBXFileReference; lastKnownFileType = sourcecode.swift; path = ForEachPageView.swift; sourceTree = "<group>"; };
		155E5EA52356FCB500B55141 /* GroupPageView.swift */ = {isa = PBXFileReference; lastKnownFileType = sourcecode.swift; path = GroupPageView.swift; sourceTree = "<group>"; };
		155E5EA72356FCC100B55141 /* SectionPageView.swift */ = {isa = PBXFileReference; lastKnownFileType = sourcecode.swift; path = SectionPageView.swift; sourceTree = "<group>"; };
		155E5EAA2357036E00B55141 /* AlertPageView.swift */ = {isa = PBXFileReference; lastKnownFileType = sourcecode.swift; path = AlertPageView.swift; sourceTree = "<group>"; };
		155E5EAC2357038200B55141 /* ActionSheetPageView.swift */ = {isa = PBXFileReference; lastKnownFileType = sourcecode.swift; path = ActionSheetPageView.swift; sourceTree = "<group>"; };
		156809EE23556FBD00798E4A /* LearnSwiftUI07View.swift */ = {isa = PBXFileReference; lastKnownFileType = sourcecode.swift; path = LearnSwiftUI07View.swift; sourceTree = "<group>"; };
		156809F02355A0C100798E4A /* LearnSwiftUI08View.swift */ = {isa = PBXFileReference; lastKnownFileType = sourcecode.swift; path = LearnSwiftUI08View.swift; sourceTree = "<group>"; };
		156809F32355A7E900798E4A /* cat.scn */ = {isa = PBXFileReference; lastKnownFileType = file.bplist; name = cat.scn; path = ../../fonts/cat.scn; sourceTree = "<group>"; };
		156809F62355A84200798E4A /* HomeShowListView.swift */ = {isa = PBXFileReference; lastKnownFileType = sourcecode.swift; path = HomeShowListView.swift; sourceTree = "<group>"; };
		156809F82355A9A900798E4A /* PageCellRowView.swift */ = {isa = PBXFileReference; lastKnownFileType = sourcecode.swift; path = PageCellRowView.swift; sourceTree = "<group>"; };
		156809FB2355AD8400798E4A /* WebViewPageView.swift */ = {isa = PBXFileReference; lastKnownFileType = sourcecode.swift; path = WebViewPageView.swift; sourceTree = "<group>"; };
		15BA6FCD235565E200DDE11E /* LearnSwiftUI06View.swift */ = {isa = PBXFileReference; lastKnownFileType = sourcecode.swift; path = LearnSwiftUI06View.swift; sourceTree = "<group>"; };
		15DBABA723554FF200474BE6 /* LearnSwiftUI04View.swift */ = {isa = PBXFileReference; lastKnownFileType = sourcecode.swift; path = LearnSwiftUI04View.swift; sourceTree = "<group>"; };
		15DBABAA23555EDA00474BE6 /* LearnSwiftUI05View.swift */ = {isa = PBXFileReference; lastKnownFileType = sourcecode.swift; path = LearnSwiftUI05View.swift; sourceTree = "<group>"; };
		15DBABAC23555FD100474BE6 /* SceneKitView.swift */ = {isa = PBXFileReference; lastKnownFileType = sourcecode.swift; path = SceneKitView.swift; sourceTree = "<group>"; };
		15FAED702354597100FA4152 /* SwiftUILearn-01.app */ = {isa = PBXFileReference; explicitFileType = wrapper.application; includeInIndex = 0; path = "SwiftUILearn-01.app"; sourceTree = BUILT_PRODUCTS_DIR; };
		15FAED732354597100FA4152 /* AppDelegate.swift */ = {isa = PBXFileReference; lastKnownFileType = sourcecode.swift; path = AppDelegate.swift; sourceTree = "<group>"; };
		15FAED752354597100FA4152 /* SceneDelegate.swift */ = {isa = PBXFileReference; lastKnownFileType = sourcecode.swift; path = SceneDelegate.swift; sourceTree = "<group>"; };
		15FAED772354597100FA4152 /* ContentView.swift */ = {isa = PBXFileReference; lastKnownFileType = sourcecode.swift; path = ContentView.swift; sourceTree = "<group>"; };
		15FAED792354597300FA4152 /* Assets.xcassets */ = {isa = PBXFileReference; lastKnownFileType = folder.assetcatalog; path = Assets.xcassets; sourceTree = "<group>"; };
		15FAED7C2354597300FA4152 /* Preview Assets.xcassets */ = {isa = PBXFileReference; lastKnownFileType = folder.assetcatalog; path = "Preview Assets.xcassets"; sourceTree = "<group>"; };
		15FAED7F2354597300FA4152 /* Base */ = {isa = PBXFileReference; lastKnownFileType = file.storyboard; name = Base; path = Base.lproj/LaunchScreen.storyboard; sourceTree = "<group>"; };
		15FAED812354597300FA4152 /* Info.plist */ = {isa = PBXFileReference; lastKnownFileType = text.plist.xml; path = Info.plist; sourceTree = "<group>"; };
		15FAED872354634600FA4152 /* LearnSwiftUI02View.swift */ = {isa = PBXFileReference; lastKnownFileType = sourcecode.swift; path = LearnSwiftUI02View.swift; sourceTree = "<group>"; };
		15FAED8A2354647A00FA4152 /* Condiment-Regular.ttf */ = {isa = PBXFileReference; lastKnownFileType = file; path = "Condiment-Regular.ttf"; sourceTree = "<group>"; };
		15FAED8C23546BD000FA4152 /* LearnSwiftUI03View.swift */ = {isa = PBXFileReference; lastKnownFileType = sourcecode.swift; path = LearnSwiftUI03View.swift; sourceTree = "<group>"; };
/* End PBXFileReference section */

/* Begin PBXFrameworksBuildPhase section */
		15FAED6D2354597100FA4152 /* Frameworks */ = {
			isa = PBXFrameworksBuildPhase;
			buildActionMask = 2147483647;
			files = (
			);
			runOnlyForDeploymentPostprocessing = 0;
		};
/* End PBXFrameworksBuildPhase section */

/* Begin PBXGroup section */
		155E5E822356A66000B55141 /* Text */ = {
			isa = PBXGroup;
			children = (
				155E5E832356A67300B55141 /* TextPageView.swift */,
				155E5E852356A9A100B55141 /* TextFieldPageView.swift */,
			);
			path = Text;
			sourceTree = "<group>";
		};
		155E5E872356B21000B55141 /* Extension */ = {
			isa = PBXGroup;
			children = (
				155E5E882356B21000B55141 /* Window+Ext.swift */,
				155E5E892356B21000B55141 /* Color+Ext.swift */,
				155E5E8A2356B21000B55141 /* View+Ext.swift */,
			);
			path = Extension;
			sourceTree = "<group>";
		};
		155E5E8E2356B59F00B55141 /* Image */ = {
			isa = PBXGroup;
			children = (
				155E5E8F2356B5AB00B55141 /* ImagePageView.swift */,
			);
			path = Image;
			sourceTree = "<group>";
		};
		155E5E912356BBC400B55141 /* Button */ = {
			isa = PBXGroup;
			children = (
				155E5E922356BBDC00B55141 /* ButtonPageView.swift */,
			);
			name = Button;
			sourceTree = "<group>";
		};
		155E5E942356C12100B55141 /* Picker */ = {
			isa = PBXGroup;
			children = (
				155E5E952356C13C00B55141 /* PickPageView.swift */,
				155E5E972356F20000B55141 /* CommonSwitchPageView.swift */,
			);
			path = Picker;
			sourceTree = "<group>";
		};
		155E5E992356F33B00B55141 /* NavigtationViewTobbar */ = {
			isa = PBXGroup;
			children = (
				155E5E9A2356F6C200B55141 /* NavigationPageView.swift */,
				155E5E9C2356F6CE00B55141 /* TabarPageView.swift */,
			);
			path = NavigtationViewTobbar;
			sourceTree = "<group>";
		};
		155E5E9E2356FC5000B55141 /* List */ = {
			isa = PBXGroup;
			children = (
				155E5E9F2356FC6200B55141 /* ListPageView.swift */,
				155E5EA12356FC7100B55141 /* ScrollVewPageView.swift */,
				155E5EA32356FC7E00B55141 /* ForEachPageView.swift */,
				155E5EA52356FCB500B55141 /* GroupPageView.swift */,
				155E5EA72356FCC100B55141 /* SectionPageView.swift */,
			);
			path = List;
			sourceTree = "<group>";
		};
		155E5EA92357035900B55141 /* Alert */ = {
			isa = PBXGroup;
			children = (
				155E5EAA2357036E00B55141 /* AlertPageView.swift */,
				155E5EAC2357038200B55141 /* ActionSheetPageView.swift */,
			);
			path = Alert;
			sourceTree = "<group>";
		};
		156809F22355A7BF00798E4A /* 简单学习页面布局 */ = {
			isa = PBXGroup;
			children = (
				15FAED772354597100FA4152 /* ContentView.swift */,
				15FAED872354634600FA4152 /* LearnSwiftUI02View.swift */,
				15FAED8C23546BD000FA4152 /* LearnSwiftUI03View.swift */,
				15DBABA723554FF200474BE6 /* LearnSwiftUI04View.swift */,
				15DBABA923555EC000474BE6 /* LearnSwiftUI05 */,
				15BA6FCD235565E200DDE11E /* LearnSwiftUI06View.swift */,
				156809EE23556FBD00798E4A /* LearnSwiftUI07View.swift */,
				156809F02355A0C100798E4A /* LearnSwiftUI08View.swift */,
			);
			path = "简单学习页面布局";
			sourceTree = "<group>";
		};
		156809F52355A81300798E4A /* 系统学习页面控件 */ = {
			isa = PBXGroup;
			children = (
				155E5EA92357035900B55141 /* Alert */,
				155E5E9E2356FC5000B55141 /* List */,
				155E5E992356F33B00B55141 /* NavigtationViewTobbar */,
				155E5E942356C12100B55141 /* Picker */,
				155E5E912356BBC400B55141 /* Button */,
				155E5E8E2356B59F00B55141 /* Image */,
				155E5E822356A66000B55141 /* Text */,
				156809FA2355AD6D00798E4A /* SpecialPage */,
			);
			path = "系统学习页面控件";
			sourceTree = "<group>";
		};
		156809FA2355AD6D00798E4A /* SpecialPage */ = {
			isa = PBXGroup;
			children = (
				156809FB2355AD8400798E4A /* WebViewPageView.swift */,
				155E5E802356A32B00B55141 /* ControllerPageView.swift */,
			);
			path = SpecialPage;
			sourceTree = "<group>";
		};
		15DBABA923555EC000474BE6 /* LearnSwiftUI05 */ = {
			isa = PBXGroup;
			children = (
				15DBABAA23555EDA00474BE6 /* LearnSwiftUI05View.swift */,
				15DBABAC23555FD100474BE6 /* SceneKitView.swift */,
				156809F32355A7E900798E4A /* cat.scn */,
			);
			path = LearnSwiftUI05;
			sourceTree = "<group>";
		};
		15FAED672354597100FA4152 = {
			isa = PBXGroup;
			children = (
				15FAED722354597100FA4152 /* SwiftUILearn-01 */,
				15FAED712354597100FA4152 /* Products */,
			);
			sourceTree = "<group>";
		};
		15FAED712354597100FA4152 /* Products */ = {
			isa = PBXGroup;
			children = (
				15FAED702354597100FA4152 /* SwiftUILearn-01.app */,
			);
			name = Products;
			sourceTree = "<group>";
		};
		15FAED722354597100FA4152 /* SwiftUILearn-01 */ = {
			isa = PBXGroup;
			children = (
				15FAED732354597100FA4152 /* AppDelegate.swift */,
				15FAED752354597100FA4152 /* SceneDelegate.swift */,
				156809F62355A84200798E4A /* HomeShowListView.swift */,
				156809F82355A9A900798E4A /* PageCellRowView.swift */,
				156809F52355A81300798E4A /* 系统学习页面控件 */,
				156809F22355A7BF00798E4A /* 简单学习页面布局 */,
				155E5E872356B21000B55141 /* Extension */,
				15FAED892354647A00FA4152 /* fonts */,
				15FAED792354597300FA4152 /* Assets.xcassets */,
				15FAED7E2354597300FA4152 /* LaunchScreen.storyboard */,
				15FAED812354597300FA4152 /* Info.plist */,
				15FAED7B2354597300FA4152 /* Preview Content */,
			);
			path = "SwiftUILearn-01";
			sourceTree = "<group>";
		};
		15FAED7B2354597300FA4152 /* Preview Content */ = {
			isa = PBXGroup;
			children = (
				15FAED7C2354597300FA4152 /* Preview Assets.xcassets */,
			);
			path = "Preview Content";
			sourceTree = "<group>";
		};
		15FAED892354647A00FA4152 /* fonts */ = {
			isa = PBXGroup;
			children = (
				15FAED8A2354647A00FA4152 /* Condiment-Regular.ttf */,
			);
			path = fonts;
			sourceTree = "<group>";
		};
/* End PBXGroup section */

/* Begin PBXNativeTarget section */
		15FAED6F2354597100FA4152 /* SwiftUILearn-01 */ = {
			isa = PBXNativeTarget;
			buildConfigurationList = 15FAED842354597300FA4152 /* Build configuration list for PBXNativeTarget "SwiftUILearn-01" */;
			buildPhases = (
				15FAED6C2354597100FA4152 /* Sources */,
				15FAED6D2354597100FA4152 /* Frameworks */,
				15FAED6E2354597100FA4152 /* Resources */,
			);
			buildRules = (
			);
			dependencies = (
			);
			name = "SwiftUILearn-01";
			productName = "SwiftUILearn-01";
			productReference = 15FAED702354597100FA4152 /* SwiftUILearn-01.app */;
			productType = "com.apple.product-type.application";
		};
/* End PBXNativeTarget section */

/* Begin PBXProject section */
		15FAED682354597100FA4152 /* Project object */ = {
			isa = PBXProject;
			attributes = {
				LastSwiftUpdateCheck = 1100;
				LastUpgradeCheck = 1100;
				ORGANIZATIONNAME = iOS002;
				TargetAttributes = {
					15FAED6F2354597100FA4152 = {
						CreatedOnToolsVersion = 11.0;
					};
				};
			};
			buildConfigurationList = 15FAED6B2354597100FA4152 /* Build configuration list for PBXProject "SwiftUILearn-01" */;
			compatibilityVersion = "Xcode 9.3";
			developmentRegion = en;
			hasScannedForEncodings = 0;
			knownRegions = (
				en,
				Base,
			);
			mainGroup = 15FAED672354597100FA4152;
			productRefGroup = 15FAED712354597100FA4152 /* Products */;
			projectDirPath = "";
			projectRoot = "";
			targets = (
				15FAED6F2354597100FA4152 /* SwiftUILearn-01 */,
			);
		};
/* End PBXProject section */

/* Begin PBXResourcesBuildPhase section */
		15FAED6E2354597100FA4152 /* Resources */ = {
			isa = PBXResourcesBuildPhase;
			buildActionMask = 2147483647;
			files = (
				15FAED802354597300FA4152 /* LaunchScreen.storyboard in Resources */,
				15FAED8B2354649E00FA4152 /* Condiment-Regular.ttf in Resources */,
				15FAED7D2354597300FA4152 /* Preview Assets.xcassets in Resources */,
				156809F42355A7E900798E4A /* cat.scn in Resources */,
				15FAED7A2354597300FA4152 /* Assets.xcassets in Resources */,
			);
			runOnlyForDeploymentPostprocessing = 0;
		};
/* End PBXResourcesBuildPhase section */

/* Begin PBXSourcesBuildPhase section */
		15FAED6C2354597100FA4152 /* Sources */ = {
			isa = PBXSourcesBuildPhase;
			buildActionMask = 2147483647;
			files = (
				155E5E982356F20000B55141 /* CommonSwitchPageView.swift in Sources */,
				155E5E902356B5AB00B55141 /* ImagePageView.swift in Sources */,
				15FAED742354597100FA4152 /* AppDelegate.swift in Sources */,
				155E5E8B2356B21600B55141 /* Window+Ext.swift in Sources */,
				155E5E932356BBDC00B55141 /* ButtonPageView.swift in Sources */,
				15DBABAB23555EDA00474BE6 /* LearnSwiftUI05View.swift in Sources */,
				155E5E812356A32B00B55141 /* ControllerPageView.swift in Sources */,
				15BA6FCE235565E200DDE11E /* LearnSwiftUI06View.swift in Sources */,
				155E5EA02356FC6200B55141 /* ListPageView.swift in Sources */,
				15FAED882354634600FA4152 /* LearnSwiftUI02View.swift in Sources */,
				15FAED762354597100FA4152 /* SceneDelegate.swift in Sources */,
				155E5EA22356FC7100B55141 /* ScrollVewPageView.swift in Sources */,
				15DBABA823554FF200474BE6 /* LearnSwiftUI04View.swift in Sources */,
				156809F72355A84200798E4A /* HomeShowListView.swift in Sources */,
				156809EF23556FBD00798E4A /* LearnSwiftUI07View.swift in Sources */,
				15FAED782354597100FA4152 /* ContentView.swift in Sources */,
				155E5E842356A67300B55141 /* TextPageView.swift in Sources */,
				155E5E8D2356B21B00B55141 /* View+Ext.swift in Sources */,
				15DBABAD23555FD100474BE6 /* SceneKitView.swift in Sources */,
				155E5E9B2356F6C200B55141 /* NavigationPageView.swift in Sources */,
				15FAED8D23546BD000FA4152 /* LearnSwiftUI03View.swift in Sources */,
				155E5EA62356FCB500B55141 /* GroupPageView.swift in Sources */,
				156809F92355A9A900798E4A /* PageCellRowView.swift in Sources */,
				156809F12355A0C100798E4A /* LearnSwiftUI08View.swift in Sources */,
				155E5EA82356FCC100B55141 /* SectionPageView.swift in Sources */,
				156809FC2355AD8400798E4A /* WebViewPageView.swift in Sources */,
				155E5EAD2357038200B55141 /* ActionSheetPageView.swift in Sources */,
				155E5E9D2356F6CE00B55141 /* TabarPageView.swift in Sources */,
				155E5EA42356FC7E00B55141 /* ForEachPageView.swift in Sources */,
				155E5E8C2356B21900B55141 /* Color+Ext.swift in Sources */,
				155E5E862356A9A100B55141 /* TextFieldPageView.swift in Sources */,
				155E5EAB2357036E00B55141 /* AlertPageView.swift in Sources */,
				155E5E962356C13C00B55141 /* PickPageView.swift in Sources */,
			);
			runOnlyForDeploymentPostprocessing = 0;
		};
/* End PBXSourcesBuildPhase section */

/* Begin PBXVariantGroup section */
		15FAED7E2354597300FA4152 /* LaunchScreen.storyboard */ = {
			isa = PBXVariantGroup;
			children = (
				15FAED7F2354597300FA4152 /* Base */,
			);
			name = LaunchScreen.storyboard;
			sourceTree = "<group>";
		};
/* End PBXVariantGroup section */

/* Begin XCBuildConfiguration section */
		15FAED822354597300FA4152 /* Debug */ = {
			isa = XCBuildConfiguration;
			buildSettings = {
				ALWAYS_SEARCH_USER_PATHS = NO;
				CLANG_ANALYZER_NONNULL = YES;
				CLANG_ANALYZER_NUMBER_OBJECT_CONVERSION = YES_AGGRESSIVE;
				CLANG_CXX_LANGUAGE_STANDARD = "gnu++14";
				CLANG_CXX_LIBRARY = "libc++";
				CLANG_ENABLE_MODULES = YES;
				CLANG_ENABLE_OBJC_ARC = YES;
				CLANG_ENABLE_OBJC_WEAK = YES;
				CLANG_WARN_BLOCK_CAPTURE_AUTORELEASING = YES;
				CLANG_WARN_BOOL_CONVERSION = YES;
				CLANG_WARN_COMMA = YES;
				CLANG_WARN_CONSTANT_CONVERSION = YES;
				CLANG_WARN_DEPRECATED_OBJC_IMPLEMENTATIONS = YES;
				CLANG_WARN_DIRECT_OBJC_ISA_USAGE = YES_ERROR;
				CLANG_WARN_DOCUMENTATION_COMMENTS = YES;
				CLANG_WARN_EMPTY_BODY = YES;
				CLANG_WARN_ENUM_CONVERSION = YES;
				CLANG_WARN_INFINITE_RECURSION = YES;
				CLANG_WARN_INT_CONVERSION = YES;
				CLANG_WARN_NON_LITERAL_NULL_CONVERSION = YES;
				CLANG_WARN_OBJC_IMPLICIT_RETAIN_SELF = YES;
				CLANG_WARN_OBJC_LITERAL_CONVERSION = YES;
				CLANG_WARN_OBJC_ROOT_CLASS = YES_ERROR;
				CLANG_WARN_RANGE_LOOP_ANALYSIS = YES;
				CLANG_WARN_STRICT_PROTOTYPES = YES;
				CLANG_WARN_SUSPICIOUS_MOVE = YES;
				CLANG_WARN_UNGUARDED_AVAILABILITY = YES_AGGRESSIVE;
				CLANG_WARN_UNREACHABLE_CODE = YES;
				CLANG_WARN__DUPLICATE_METHOD_MATCH = YES;
				COPY_PHASE_STRIP = NO;
				DEBUG_INFORMATION_FORMAT = dwarf;
				ENABLE_STRICT_OBJC_MSGSEND = YES;
				ENABLE_TESTABILITY = YES;
				GCC_C_LANGUAGE_STANDARD = gnu11;
				GCC_DYNAMIC_NO_PIC = NO;
				GCC_NO_COMMON_BLOCKS = YES;
				GCC_OPTIMIZATION_LEVEL = 0;
				GCC_PREPROCESSOR_DEFINITIONS = (
					"DEBUG=1",
					"$(inherited)",
				);
				GCC_WARN_64_TO_32_BIT_CONVERSION = YES;
				GCC_WARN_ABOUT_RETURN_TYPE = YES_ERROR;
				GCC_WARN_UNDECLARED_SELECTOR = YES;
				GCC_WARN_UNINITIALIZED_AUTOS = YES_AGGRESSIVE;
				GCC_WARN_UNUSED_FUNCTION = YES;
				GCC_WARN_UNUSED_VARIABLE = YES;
				IPHONEOS_DEPLOYMENT_TARGET = 13.0;
				MTL_ENABLE_DEBUG_INFO = INCLUDE_SOURCE;
				MTL_FAST_MATH = YES;
				ONLY_ACTIVE_ARCH = YES;
				SDKROOT = iphoneos;
				SWIFT_ACTIVE_COMPILATION_CONDITIONS = DEBUG;
				SWIFT_OPTIMIZATION_LEVEL = "-Onone";
			};
			name = Debug;
		};
		15FAED832354597300FA4152 /* Release */ = {
			isa = XCBuildConfiguration;
			buildSettings = {
				ALWAYS_SEARCH_USER_PATHS = NO;
				CLANG_ANALYZER_NONNULL = YES;
				CLANG_ANALYZER_NUMBER_OBJECT_CONVERSION = YES_AGGRESSIVE;
				CLANG_CXX_LANGUAGE_STANDARD = "gnu++14";
				CLANG_CXX_LIBRARY = "libc++";
				CLANG_ENABLE_MODULES = YES;
				CLANG_ENABLE_OBJC_ARC = YES;
				CLANG_ENABLE_OBJC_WEAK = YES;
				CLANG_WARN_BLOCK_CAPTURE_AUTORELEASING = YES;
				CLANG_WARN_BOOL_CONVERSION = YES;
				CLANG_WARN_COMMA = YES;
				CLANG_WARN_CONSTANT_CONVERSION = YES;
				CLANG_WARN_DEPRECATED_OBJC_IMPLEMENTATIONS = YES;
				CLANG_WARN_DIRECT_OBJC_ISA_USAGE = YES_ERROR;
				CLANG_WARN_DOCUMENTATION_COMMENTS = YES;
				CLANG_WARN_EMPTY_BODY = YES;
				CLANG_WARN_ENUM_CONVERSION = YES;
				CLANG_WARN_INFINITE_RECURSION = YES;
				CLANG_WARN_INT_CONVERSION = YES;
				CLANG_WARN_NON_LITERAL_NULL_CONVERSION = YES;
				CLANG_WARN_OBJC_IMPLICIT_RETAIN_SELF = YES;
				CLANG_WARN_OBJC_LITERAL_CONVERSION = YES;
				CLANG_WARN_OBJC_ROOT_CLASS = YES_ERROR;
				CLANG_WARN_RANGE_LOOP_ANALYSIS = YES;
				CLANG_WARN_STRICT_PROTOTYPES = YES;
				CLANG_WARN_SUSPICIOUS_MOVE = YES;
				CLANG_WARN_UNGUARDED_AVAILABILITY = YES_AGGRESSIVE;
				CLANG_WARN_UNREACHABLE_CODE = YES;
				CLANG_WARN__DUPLICATE_METHOD_MATCH = YES;
				COPY_PHASE_STRIP = NO;
				DEBUG_INFORMATION_FORMAT = "dwarf-with-dsym";
				ENABLE_NS_ASSERTIONS = NO;
				ENABLE_STRICT_OBJC_MSGSEND = YES;
				GCC_C_LANGUAGE_STANDARD = gnu11;
				GCC_NO_COMMON_BLOCKS = YES;
				GCC_WARN_64_TO_32_BIT_CONVERSION = YES;
				GCC_WARN_ABOUT_RETURN_TYPE = YES_ERROR;
				GCC_WARN_UNDECLARED_SELECTOR = YES;
				GCC_WARN_UNINITIALIZED_AUTOS = YES_AGGRESSIVE;
				GCC_WARN_UNUSED_FUNCTION = YES;
				GCC_WARN_UNUSED_VARIABLE = YES;
				IPHONEOS_DEPLOYMENT_TARGET = 13.0;
				MTL_ENABLE_DEBUG_INFO = NO;
				MTL_FAST_MATH = YES;
				SDKROOT = iphoneos;
				SWIFT_COMPILATION_MODE = wholemodule;
				SWIFT_OPTIMIZATION_LEVEL = "-O";
				VALIDATE_PRODUCT = YES;
			};
			name = Release;
		};
		15FAED852354597300FA4152 /* Debug */ = {
			isa = XCBuildConfiguration;
			buildSettings = {
				ASSETCATALOG_COMPILER_APPICON_NAME = AppIcon;
				CODE_SIGN_STYLE = Automatic;
				DEVELOPMENT_ASSET_PATHS = "\"SwiftUILearn-01/Preview Content\"";
				ENABLE_PREVIEWS = YES;
				INFOPLIST_FILE = "SwiftUILearn-01/Info.plist";
				LD_RUNPATH_SEARCH_PATHS = (
					"$(inherited)",
					"@executable_path/Frameworks",
				);
				PRODUCT_BUNDLE_IDENTIFIER = "com.chengya.SwiftUILearn-01";
				PRODUCT_NAME = "$(TARGET_NAME)";
				SWIFT_VERSION = 5.0;
				TARGETED_DEVICE_FAMILY = "1,2";
			};
			name = Debug;
		};
		15FAED862354597300FA4152 /* Release */ = {
			isa = XCBuildConfiguration;
			buildSettings = {
				ASSETCATALOG_COMPILER_APPICON_NAME = AppIcon;
				CODE_SIGN_STYLE = Automatic;
				DEVELOPMENT_ASSET_PATHS = "\"SwiftUILearn-01/Preview Content\"";
				ENABLE_PREVIEWS = YES;
				INFOPLIST_FILE = "SwiftUILearn-01/Info.plist";
				LD_RUNPATH_SEARCH_PATHS = (
					"$(inherited)",
					"@executable_path/Frameworks",
				);
				PRODUCT_BUNDLE_IDENTIFIER = "com.chengya.SwiftUILearn-01";
				PRODUCT_NAME = "$(TARGET_NAME)";
				SWIFT_VERSION = 5.0;
				TARGETED_DEVICE_FAMILY = "1,2";
			};
			name = Release;
		};
/* End XCBuildConfiguration section */

/* Begin XCConfigurationList section */
		15FAED6B2354597100FA4152 /* Build configuration list for PBXProject "SwiftUILearn-01" */ = {
			isa = XCConfigurationList;
			buildConfigurations = (
				15FAED822354597300FA4152 /* Debug */,
				15FAED832354597300FA4152 /* Release */,
			);
			defaultConfigurationIsVisible = 0;
			defaultConfigurationName = Release;
		};
		15FAED842354597300FA4152 /* Build configuration list for PBXNativeTarget "SwiftUILearn-01" */ = {
			isa = XCConfigurationList;
			buildConfigurations = (
				15FAED852354597300FA4152 /* Debug */,
				15FAED862354597300FA4152 /* Release */,
			);
			defaultConfigurationIsVisible = 0;
			defaultConfigurationName = Release;
		};
/* End XCConfigurationList section */
	};
	rootObject = 15FAED682354597100FA4152 /* Project object */;
}
